{
	"requires": true,
	"lockfileVersion": 1,
	"dependencies": {
		"oneutil": {
			"version": "1.4.3",
			"resolved": "https://registry.npmjs.org/oneutil/-/oneutil-1.4.3.tgz",
			"integrity": "sha512-ntD38+SgnJFdeQ3B7PR4SinALu6z44ocZ+TWK8XI925OSVF/G+EldNc0wZn1AxfY0qIj0HAfxDnFmBzxvhNHVg==",
			"requires": {
				"text-encoding": "^0.7.0"
			}
		},
		"text-encoding": {
			"version": "0.7.0",
			"resolved": "https://registry.npmjs.org/text-encoding/-/text-encoding-0.7.0.tgz",
			"integrity": "sha512-oJQ3f1hrOnbRLOcwKz0Liq2IcrvDeZRHXhd9RgLrsT+DjWY/nty1Hi7v3dtkaEYbPYe0mUoOfzRrMwfXXwgPUA=="
		}
	}
}
